<Solution>
  <Folder Name="/Dokumentation/">
    <File Path="../Dokumentation/HappyPath.drawio" />
  </Folder>
  <Folder Name="/Frontend/" />
  <Folder Name="/Frontend/Website/">
    <File Path="WebstoreMainsite.html" />
  </Folder>
  <Folder Name="/Tutorials &amp; HowTo/">
    <Project Path="GRPCTester/GRPCTester.csproj" Id="cbbc539e-a309-469d-9b82-465c3f059e47" />
    <Project Path="PilService/PilService.csproj" Id="6899d698-94e0-4126-8ae6-ad74f396e68b" />
  </Folder>
  <Project Path="Tools/Tools.csproj" />
</Solution>
