<Solution>
  <Folder Name="/Backend/">
    <Project Path="StoreBackend/StoreBackend.csproj" Id="1c1bbb07-fd76-4b60-b120-e222718078ad" />
  </Folder>
  <Folder Name="/Dokumentation/">
    <File Path="Dokumentation/HappyPath.drawio" />
  </Folder>
  <Folder Name="/Frontend/" />
  <Folder Name="/Frontend/Website/">
    <File Path="index.html" />
  </Folder>
  <Folder Name="/Frontend/Website/css/">
    <File Path="store.css" />
  </Folder>
  <Folder Name="/Frontend/Website/js/">
    <File Path="productCard.js" />
    <File Path="StoreAPI.js" />
    <File Path="WebstoreApp.js" />
  </Folder>
  <Folder Name="/Interfaces/">
    <Project Path="IStoreBackend/IStoreBackend.csproj" Id="df076cdc-a6b6-40c2-b828-b2271e6d5828" />
  </Folder>
  <Folder Name="/Services/">
    <Project Path="Services/AuditService/AuditService.csproj" />
    <Project Path="Services/BillingService/BillingService.csproj" />
    <Project Path="Services/InvoiceService/InvoiceService.csproj" />
    <Project Path="Services/ShopService/ShopService.csproj" />
    <Project Path="Services/WarehouseService/WarehouseService.csproj" />
  </Folder>
  <Folder Name="/Tutorials &amp; HowTo/">
    <Project Path="GRPCTester/GRPCTester.csproj" Id="cbbc539e-a309-469d-9b82-465c3f059e47" />
    <Project Path="PilService/PilService.csproj" Id="6899d698-94e0-4126-8ae6-ad74f396e68b" />
  </Folder>
  <Project Path="BackendAPITester/BackendAPITester.csproj" Id="a8d69115-2ddd-474e-a096-5706e772dc61" />
  <Project Path="StoreProxy/StoreProxy.csproj" Id="53efa80c-516a-48ca-9101-009a39aa8a8b" />
  <Project Path="Tools/Tools.csproj" />
</Solution>
