<Solution>
  <Folder Name="/Backend/">
    <Project Path="StoreBackend/StoreBackend.csproj" Id="1c1bbb07-fd76-4b60-b120-e222718078ad" />
  </Folder>
  <Folder Name="/Dokumentation/">
    <File Path="docs/architecture.md" />
    <File Path="docs/diagrams/README.md" />
    <File Path="docs/diagrams/online-store-architecture.drawio" />
    <File Path="docs/diagrams/ProjectHistory and HappyPath.drawio" />
    <File Path="docs/diagrams/system-context.svg" />
    <File Path="docs/diagrams/component-diagram.svg" />
    <File Path="docs/diagrams/payment-facade.svg" />
    <File Path="docs/diagrams/sequence-happy-path.svg" />
    <File Path="docs/diagrams/sequence-fail1.svg" />
    <File Path="docs/diagrams/sequence-fail2.svg" />
  </Folder>
  <Folder Name="/Services/">
    <Project Path="Services/AuditService/AuditService.csproj" />
    <Project Path="Services/BillingService/BillingService.csproj" />
    <Project Path="Services/InvoiceService/InvoiceService.csproj" />
    <Project Path="Services/ShopService/ShopService.csproj" />
    <Project Path="Services/WarehouseService/WarehouseService.csproj" />
  </Folder>
  <Folder Name="/Shared/">
    <Project Path="Shared/VstOnlineStore.Observability/VstOnlineStore.Observability.csproj" />
  </Folder>
  <Folder Name="/Tests/">
    <Project Path="Tests/BillingService.UnitTests/BillingService.UnitTests.csproj" />
    <Project Path="Tests/ShopService.IntegrationTests/ShopService.IntegrationTests.csproj" />
    <Project Path="Tests/StoreBackend.UnitTests/StoreBackend.UnitTests.csproj" />
  </Folder>
  <Project Path="StoreProxy/StoreProxy.csproj" Id="53efa80c-516a-48ca-9101-009a39aa8a8b" />
</Solution>
